
Microsoft Visual Studio Solution File, Format Version 12.00
# Visual Studio Version 17
VisualStudioVersion = 17.6.33723.286
MinimumVisualStudioVersion = 10.0.40219.1
Project("{FAE04EC0-301F-11D3-BF4B-00C04F79EFBC}") = "QLHT", "QLHT\QLHT.csproj", "{7DB30508-89F7-4F75-BF20-2F5A5CCA6389}"
EndProject
Global
	GlobalSection(SolutionConfigurationPlatforms) = preSolution
		Debug|Any CPU = Debug|Any CPU
		Release|Any CPU = Release|Any CPU
	EndGlobalSection
	GlobalSection(ProjectConfigurationPlatforms) = postSolution
		{7DB30508-89F7-4F75-BF20-2F5A5CCA6389}.Debug|Any CPU.ActiveCfg = Debug|Any CPU
		{7DB30508-89F7-4F75-BF20-2F5A5CCA6389}.Debug|Any CPU.Build.0 = Debug|Any CPU
		{7DB30508-89F7-4F75-BF20-2F5A5CCA6389}.Release|Any CPU.ActiveCfg = Release|Any CPU
		{7DB30508-89F7-4F75-BF20-2F5A5CCA6389}.Release|Any CPU.Build.0 = Release|Any CPU
	EndGlobalSection
	GlobalSection(SolutionProperties) = preSolution
		HideSolutionNode = FALSE
	EndGlobalSection
	GlobalSection(ExtensibilityGlobals) = postSolution
		SolutionGuid = {DA765025-F0BA-4D7C-9782-B0C79051EF4D}
	EndGlobalSection
EndGlobal
